<?xml version="1.0" encoding="utf-8"?>
<Project ToolsVersion="4.0" xmlns="http://schemas.microsoft.com/developer/msbuild/2003">
  <ItemGroup>
    <Filter Include="Quelldateien">
      <UniqueIdentifier>{4FC737F1-C7A5-4376-A066-2A32D752A2FF}</UniqueIdentifier>
      <Extensions>cpp;c;cc;cxx;c++;cppm;ixx;def;odl;idl;hpj;bat;asm;asmx</Extensions>
    </Filter>
    <Filter Include="Headerdateien">
      <UniqueIdentifier>{93995380-89BD-4b04-88EB-625FBE52EBFB}</UniqueIdentifier>
      <Extensions>h;hh;hpp;hxx;h++;hm;inl;inc;ipp;xsd</Extensions>
    </Filter>
    <Filter Include="Ressourcendateien">
      <UniqueIdentifier>{67DA6AB6-F800-4c08-8B7A-83BB121AAD01}</UniqueIdentifier>
      <Extensions>rc;ico;cur;bmp;dlg;rc2;rct;bin;rgs;gif;jpg;jpeg;jpe;resx;tiff;tif;png;wav;mfcribbon-ms</Extensions>
    </Filter>
    <Filter Include="Headerdateien\Matrix">
      <UniqueIdentifier>{90b50933-f579-4113-8201-c11303929629}</UniqueIdentifier>
    </Filter>
    <Filter Include="Headerdateien\RenderPipeline">
      <UniqueIdentifier>{0d7bc9f0-e7bf-4264-9fc3-38da83cda57b}</UniqueIdentifier>
    </Filter>
    <Filter Include="Headerdateien\RenderPipeline\Renderable">
      <UniqueIdentifier>{a30495a6-d4a7-4d07-90a0-79b575fe758d}</UniqueIdentifier>
    </Filter>
    <Filter Include="Quelldateien\Matrix">
      <UniqueIdentifier>{d239a70e-7d92-44e4-9c1d-86a2ba668a38}</UniqueIdentifier>
    </Filter>
    <Filter Include="Quelldateien\RenderPipeline">
      <UniqueIdentifier>{b6e1aab5-3821-4e64-891f-7fa179eeceb2}</UniqueIdentifier>
    </Filter>
    <Filter Include="Quelldateien\RenderPipeline\Renderable">
      <UniqueIdentifier>{86c3f57e-9194-4128-beb2-fe75ef63f964}</UniqueIdentifier>
    </Filter>
  </ItemGroup>
  <ItemGroup>
    <ClCompile Include="main.cpp">
      <Filter>Quelldateien</Filter>
    </ClCompile>
    <ClCompile Include="Game.cpp">
      <Filter>Quelldateien</Filter>
    </ClCompile>
    <ClCompile Include="Matrix.cpp">
      <Filter>Quelldateien\Matrix</Filter>
    </ClCompile>
    <ClCompile Include="Matrix3X1.cpp">
      <Filter>Quelldateien\Matrix</Filter>
    </ClCompile>
    <ClCompile Include="Matrix3X3.cpp">
      <Filter>Quelldateien\Matrix</Filter>
    </ClCompile>
    <ClCompile Include="MatrixOperations.cpp">
      <Filter>Quelldateien\Matrix</Filter>
    </ClCompile>
    <ClCompile Include="Renderable.cpp">
      <Filter>Quelldateien\RenderPipeline\Renderable</Filter>
    </ClCompile>
    <ClCompile Include="RenderQueue.cpp">
      <Filter>Quelldateien\RenderPipeline</Filter>
    </ClCompile>
    <ClCompile Include="Pipeline.cpp">
      <Filter>Quelldateien\RenderPipeline</Filter>
    </ClCompile>
    <ClCompile Include="Cube.cpp">
      <Filter>Quelldateien\RenderPipeline\Renderable</Filter>
    </ClCompile>
    <ClCompile Include="Point.cpp">
      <Filter>Quelldateien\RenderPipeline\Renderable</Filter>
    </ClCompile>
  </ItemGroup>
  <ItemGroup>
    <ClInclude Include="Game.h">
      <Filter>Headerdateien</Filter>
    </ClInclude>
    <ClInclude Include="Matrix3X3.h">
      <Filter>Headerdateien\Matrix</Filter>
    </ClInclude>
    <ClInclude Include="Matrix3X1.h">
      <Filter>Headerdateien\Matrix</Filter>
    </ClInclude>
    <ClInclude Include="Matrix.h">
      <Filter>Headerdateien\Matrix</Filter>
    </ClInclude>
    <ClInclude Include="MatrixOperations.h">
      <Filter>Headerdateien\Matrix</Filter>
    </ClInclude>
    <ClInclude Include="resource.h">
      <Filter>Headerdateien</Filter>
    </ClInclude>
    <ClInclude Include="Renderable.h">
      <Filter>Headerdateien\RenderPipeline\Renderable</Filter>
    </ClInclude>
    <ClInclude Include="RenderQueue.h">
      <Filter>Headerdateien\RenderPipeline</Filter>
    </ClInclude>
    <ClInclude Include="Pipeline.h">
      <Filter>Headerdateien\RenderPipeline</Filter>
    </ClInclude>
    <ClInclude Include="Point.h">
      <Filter>Headerdateien\RenderPipeline\Renderable</Filter>
    </ClInclude>
    <ClInclude Include="Cube.h">
      <Filter>Headerdateien\RenderPipeline\Renderable</Filter>
    </ClInclude>
  </ItemGroup>
  <ItemGroup>
    <ResourceCompile Include="Perspective_Projection.rc">
      <Filter>Ressourcendateien</Filter>
    </ResourceCompile>
  </ItemGroup>
</Project>